
Microsoft Visual Studio Solution File, Format Version 12.00
# Visual Studio Version 17
VisualStudioVersion = 17.13.35818.85 d17.13
MinimumVisualStudioVersion = 10.0.40219.1
Project("{FAE04EC0-301F-11D3-BF4B-00C04F79EFBC}") = "UsageProject", "UsageProject\UsageProject.csproj", "{14CB47E9-324D-462F-B63A-2D361D8E8C37}"
EndProject
Project("{FAE04EC0-301F-11D3-BF4B-00C04F79EFBC}") = "ClassLibrary", "ClassLibrary\ClassLibrary.csproj", "{A6DE4866-43EE-41EC-A961-FE939F32AE56}"
EndProject
Global
	GlobalSection(SolutionConfigurationPlatforms) = preSolution
		Debug|Any CPU = Debug|Any CPU
		Release|Any CPU = Release|Any CPU
	EndGlobalSection
	GlobalSection(ProjectConfigurationPlatforms) = postSolution
		{14CB47E9-324D-462F-B63A-2D361D8E8C37}.Debug|Any CPU.ActiveCfg = Debug|Any CPU
		{14CB47E9-324D-462F-B63A-2D361D8E8C37}.Debug|Any CPU.Build.0 = Debug|Any CPU
		{14CB47E9-324D-462F-B63A-2D361D8E8C37}.Release|Any CPU.ActiveCfg = Release|Any CPU
		{14CB47E9-324D-462F-B63A-2D361D8E8C37}.Release|Any CPU.Build.0 = Release|Any CPU
		{A6DE4866-43EE-41EC-A961-FE939F32AE56}.Debug|Any CPU.ActiveCfg = Debug|Any CPU
		{A6DE4866-43EE-41EC-A961-FE939F32AE56}.Debug|Any CPU.Build.0 = Debug|Any CPU
		{A6DE4866-43EE-41EC-A961-FE939F32AE56}.Release|Any CPU.ActiveCfg = Release|Any CPU
		{A6DE4866-43EE-41EC-A961-FE939F32AE56}.Release|Any CPU.Build.0 = Release|Any CPU
	EndGlobalSection
	GlobalSection(SolutionProperties) = preSolution
		HideSolutionNode = FALSE
	EndGlobalSection
	GlobalSection(ExtensibilityGlobals) = postSolution
		SolutionGuid = {777955C9-B187-478A-931D-7EDFF6F2DF66}
	EndGlobalSection
EndGlobal
