
Microsoft Visual Studio Solution File, Format Version 12.00
# Visual Studio Version 17
VisualStudioVersion = 17.13.35818.85 d17.13
MinimumVisualStudioVersion = 10.0.40219.1
Project("{FAE04EC0-301F-11D3-BF4B-00C04F79EFBC}") = "UsageProject", "UsageProject\UsageProject.csproj", "{53E9FBA3-6352-407D-B03B-96E75316D18A}"
EndProject
Project("{FAE04EC0-301F-11D3-BF4B-00C04F79EFBC}") = "ClassLibrary", "ClassLibrary\ClassLibrary.csproj", "{C408261B-2DCB-4393-AB3D-3C4B2200395B}"
EndProject
Global
	GlobalSection(SolutionConfigurationPlatforms) = preSolution
		Debug|Any CPU = Debug|Any CPU
		Release|Any CPU = Release|Any CPU
	EndGlobalSection
	GlobalSection(ProjectConfigurationPlatforms) = postSolution
		{53E9FBA3-6352-407D-B03B-96E75316D18A}.Debug|Any CPU.ActiveCfg = Debug|Any CPU
		{53E9FBA3-6352-407D-B03B-96E75316D18A}.Debug|Any CPU.Build.0 = Debug|Any CPU
		{53E9FBA3-6352-407D-B03B-96E75316D18A}.Release|Any CPU.ActiveCfg = Release|Any CPU
		{53E9FBA3-6352-407D-B03B-96E75316D18A}.Release|Any CPU.Build.0 = Release|Any CPU
		{C408261B-2DCB-4393-AB3D-3C4B2200395B}.Debug|Any CPU.ActiveCfg = Debug|Any CPU
		{C408261B-2DCB-4393-AB3D-3C4B2200395B}.Debug|Any CPU.Build.0 = Debug|Any CPU
		{C408261B-2DCB-4393-AB3D-3C4B2200395B}.Release|Any CPU.ActiveCfg = Release|Any CPU
		{C408261B-2DCB-4393-AB3D-3C4B2200395B}.Release|Any CPU.Build.0 = Release|Any CPU
	EndGlobalSection
	GlobalSection(SolutionProperties) = preSolution
		HideSolutionNode = FALSE
	EndGlobalSection
	GlobalSection(ExtensibilityGlobals) = postSolution
		SolutionGuid = {91225402-52F4-42F7-BD4A-37E59C72DF0D}
	EndGlobalSection
EndGlobal
