
Microsoft Visual Studio Solution File, Format Version 12.00
# Visual Studio Version 17
VisualStudioVersion = 17.13.35818.85 d17.13
MinimumVisualStudioVersion = 10.0.40219.1
Project("{FAE04EC0-301F-11D3-BF4B-00C04F79EFBC}") = "UsageProject", "UsageProject\UsageProject.csproj", "{311DB451-2DA6-4B39-A2E6-45C1BD74D11B}"
EndProject
Project("{FAE04EC0-301F-11D3-BF4B-00C04F79EFBC}") = "ClassLibrary", "ClassLibrary\ClassLibrary.csproj", "{52A5A9A9-2D06-4B49-A955-7EC476101FA5}"
EndProject
Global
	GlobalSection(SolutionConfigurationPlatforms) = preSolution
		Debug|Any CPU = Debug|Any CPU
		Release|Any CPU = Release|Any CPU
	EndGlobalSection
	GlobalSection(ProjectConfigurationPlatforms) = postSolution
		{311DB451-2DA6-4B39-A2E6-45C1BD74D11B}.Debug|Any CPU.ActiveCfg = Debug|Any CPU
		{311DB451-2DA6-4B39-A2E6-45C1BD74D11B}.Debug|Any CPU.Build.0 = Debug|Any CPU
		{311DB451-2DA6-4B39-A2E6-45C1BD74D11B}.Release|Any CPU.ActiveCfg = Release|Any CPU
		{311DB451-2DA6-4B39-A2E6-45C1BD74D11B}.Release|Any CPU.Build.0 = Release|Any CPU
		{52A5A9A9-2D06-4B49-A955-7EC476101FA5}.Debug|Any CPU.ActiveCfg = Debug|Any CPU
		{52A5A9A9-2D06-4B49-A955-7EC476101FA5}.Debug|Any CPU.Build.0 = Debug|Any CPU
		{52A5A9A9-2D06-4B49-A955-7EC476101FA5}.Release|Any CPU.ActiveCfg = Release|Any CPU
		{52A5A9A9-2D06-4B49-A955-7EC476101FA5}.Release|Any CPU.Build.0 = Release|Any CPU
	EndGlobalSection
	GlobalSection(SolutionProperties) = preSolution
		HideSolutionNode = FALSE
	EndGlobalSection
	GlobalSection(ExtensibilityGlobals) = postSolution
		SolutionGuid = {4AFA8B97-01E4-4229-B8E1-ECBC6D13B9B0}
	EndGlobalSection
EndGlobal
